PODS:
  - Alamofire (5.6.2)
  - AndesUI (3.77.0):
    - AndesUI/Core (= 3.77.0)
    - PureLayout (= 3.1.2)
  - AndesUI/Core (3.77.0):
    - AndesUI/LocalIcons
    - PureLayout (= 3.1.2)
  - AndesUI/LocalIcons (3.77.0):
    - PureLayout (= 3.1.2)
  - IQKeyboardManager (6.5.10)
  - PureLayout (3.1.2)

DEPENDENCIES:
  - Alamofire
  - AndesUI
  - IQKeyboardManager

SPEC REPOS:
  trunk:
    - Alamofire
    - AndesUI
    - IQKeyboardManager
    - PureLayout

SPEC CHECKSUMS:
  Alamofire: d368e1ff8a298e6dde360e35a3e68e6c610e7204
  AndesUI: 7c89d2fda93e55c030f0a7844d4e690ca1a67171
  IQKeyboardManager: 45a1fa55c1a5b02c61ac0fd7fd5b62bb4ad20d97
  PureLayout: 4634d0b61e3b5021166e8ec7c18e9e0ca0720c8b

PODFILE CHECKSUM: 209340981e5d94bd1f8894df4ace4ce74b7b2cd3

COCOAPODS: 1.11.3
